{
  "version": "3",
  "packages": {
    "specifiers": {
      "jsr:@std/assert@^0.224.0": "jsr:@std/assert@0.224.0",
      "jsr:@std/csv": "jsr:@std/csv@0.224.0",
      "jsr:@std/streams@^0.224.0": "jsr:@std/streams@0.224.0",
      "npm:simple-xml-to-json": "npm:simple-xml-to-json@1.2.2",
      "npm:xml-js": "npm:xml-js@1.6.11"
    },
    "jsr": {
      "@std/assert@0.224.0": {
        "integrity": "8643233ec7aec38a940a8264a6e3eed9bfa44e7a71cc6b3c8874213ff401967f"
      },
      "@std/csv@0.224.0": {
        "integrity": "6464f5a001a8a9f339d7d525596e43ef8a711a35ac6aebbf404f971526e222ac",
        "dependencies": [
          "jsr:@std/assert@^0.224.0",
          "jsr:@std/streams@^0.224.0"
        ]
      },
      "@std/streams@0.224.0": {
        "integrity": "9c21feb45113abfc67dd536029624d1792d56dfbb029b8c1baf4ad5a2c35769e"
      }
    },
    "npm": {
      "sax@1.4.1": {
        "integrity": "sha512-+aWOz7yVScEGoKNd4PA10LZ8sk0A/z5+nXQG5giUO5rprX9jgYsTdov9qCchZiPIZezbZH+jRut8nPodFAX4Jg==",
        "dependencies": {}
      },
      "simple-xml-to-json@1.2.2": {
        "integrity": "sha512-bmJJf5YiYL60eOQk3gaVxbM6vgYuwrFydCEAA2x3jccHUTsAffiPyblS/yQGr8GDUQVxSDm3WwLNL5HmRqDUcg==",
        "dependencies": {}
      },
      "xml-js@1.6.11": {
        "integrity": "sha512-7rVi2KMfwfWFl+GpPg6m80IVMWXLRjO+PxTq7V2CDhoGak0wzYzFgUY2m4XJ47OGdXd8eLE8EmwfAmdjw7lC1g==",
        "dependencies": {
          "sax": "sax@1.4.1"
        }
      }
    }
  },
  "redirects": {
    "https://deno.land/std/fs/mod.ts": "https://deno.land/std@0.223.0/fs/mod.ts",
    "https://deno.land/std/uuid/mod.ts": "https://deno.land/std@0.223.0/uuid/mod.ts",
    "https://deno.land/x/download/mod.ts": "https://deno.land/x/download@v2.0.2/mod.ts",
    "https://deno.land/x/exec/mod.ts": "https://deno.land/x/exec@0.0.5/mod.ts",
    "https://deno.land/x/yaml_loader/mod.ts": "https://deno.land/x/yaml_loader@v0.1.0/mod.ts"
  },
  "remote": {
    "https://deno.land/std@0.190.0/_util/asserts.ts": "178dfc49a464aee693a7e285567b3d0b555dc805ff490505a8aae34f9cfb1462",
    "https://deno.land/std@0.190.0/_util/os.ts": "d932f56d41e4f6a6093d56044e29ce637f8dcc43c5a90af43504a889cf1775e3",
    "https://deno.land/std@0.190.0/bytes/copy.ts": "939d89e302a9761dcf1d9c937c7711174ed74c59eef40a1e4569a05c9de88219",
    "https://deno.land/std@0.190.0/fs/_util.ts": "579038bebc3bd35c43a6a7766f7d91fbacdf44bc03468e9d3134297bb99ed4f9",
    "https://deno.land/std@0.190.0/fs/copy.ts": "14214efd94fc3aa6db1e4af2b4b9578e50f7362b7f3725d5a14ad259a5df26c8",
    "https://deno.land/std@0.190.0/fs/empty_dir.ts": "c3d2da4c7352fab1cf144a1ecfef58090769e8af633678e0f3fabaef98594688",
    "https://deno.land/std@0.190.0/fs/ensure_dir.ts": "dc64c4c75c64721d4e3fb681f1382f803ff3d2868f08563ff923fdd20d071c40",
    "https://deno.land/std@0.190.0/fs/ensure_file.ts": "c38602670bfaf259d86ca824a94e6cb9e5eb73757fefa4ebf43a90dd017d53d9",
    "https://deno.land/std@0.190.0/fs/ensure_link.ts": "c0f5b2f0ec094ed52b9128eccb1ee23362a617457aa0f699b145d4883f5b2fb4",
    "https://deno.land/std@0.190.0/fs/ensure_symlink.ts": "5006ab2f458159c56d689b53b1e48d57e05eeb1eaf64e677f7f76a30bc4fdba1",
    "https://deno.land/std@0.190.0/fs/eol.ts": "f1f2eb348a750c34500741987b21d65607f352cf7205f48f4319d417fff42842",
    "https://deno.land/std@0.190.0/fs/exists.ts": "29c26bca8584a22876be7cb8844f1b6c8fc35e9af514576b78f5c6884d7ed02d",
    "https://deno.land/std@0.190.0/fs/expand_glob.ts": "e4f56259a0a70fe23f05215b00de3ac5e6ba46646ab2a06ebbe9b010f81c972a",
    "https://deno.land/std@0.190.0/fs/mod.ts": "bc3d0acd488cc7b42627044caf47d72019846d459279544e1934418955ba4898",
    "https://deno.land/std@0.190.0/fs/move.ts": "b4f8f46730b40c32ea3c0bc8eb0fd0e8139249a698883c7b3756424cf19785c9",
    "https://deno.land/std@0.190.0/fs/walk.ts": "920be35a7376db6c0b5b1caf1486fb962925e38c9825f90367f8f26b5e5d0897",
    "https://deno.land/std@0.190.0/io/buffer.ts": "17f4410eaaa60a8a85733e8891349a619eadfbbe42e2f319283ce2b8f29723ab",
    "https://deno.land/std@0.190.0/path/_constants.ts": "e49961f6f4f48039c0dfed3c3f93e963ca3d92791c9d478ac5b43183413136e0",
    "https://deno.land/std@0.190.0/path/_interface.ts": "6471159dfbbc357e03882c2266d21ef9afdb1e4aa771b0545e90db58a0ba314b",
    "https://deno.land/std@0.190.0/path/_util.ts": "d7abb1e0dea065f427b89156e28cdeb32b045870acdf865833ba808a73b576d0",
    "https://deno.land/std@0.190.0/path/common.ts": "ee7505ab01fd22de3963b64e46cff31f40de34f9f8de1fff6a1bd2fe79380000",
    "https://deno.land/std@0.190.0/path/glob.ts": "d479e0a695621c94d3fd7fe7abd4f9499caf32a8de13f25073451c6ef420a4e1",
    "https://deno.land/std@0.190.0/path/mod.ts": "ee161baec5ded6510ee1d1fb6a75a0f5e4b41f3f3301c92c716ecbdf7dae910d",
    "https://deno.land/std@0.190.0/path/posix.ts": "8b7c67ac338714b30c816079303d0285dd24af6b284f7ad63da5b27372a2c94d",
    "https://deno.land/std@0.190.0/path/separator.ts": "0fb679739d0d1d7bf45b68dacfb4ec7563597a902edbaf3c59b50d5bcadd93b1",
    "https://deno.land/std@0.190.0/path/win32.ts": "d186344e5583bcbf8b18af416d13d82b35a317116e6460a5a3953508c3de5bba",
    "https://deno.land/std@0.223.0/assert/assert.ts": "09d30564c09de846855b7b071e62b5974b001bb72a4b797958fe0660e7849834",
    "https://deno.land/std@0.223.0/assert/assertion_error.ts": "ba8752bd27ebc51f723702fac2f54d3e94447598f54264a6653d6413738a8917",
    "https://deno.land/std@0.223.0/bytes/concat.ts": "9cac3b4376afbef98ff03588eb3cf948e0d1eb6c27cfe81a7651ab6dd3adc54a",
    "https://deno.land/std@0.223.0/crypto/_wasm/lib/deno_std_wasm_crypto.generated.mjs": "376be64de048805874ebbc21c5ea7ce75a7f7d01da6f901cc697b1d4ffd6a721",
    "https://deno.land/std@0.223.0/crypto/_wasm/mod.ts": "e89fbbc3c4722602ff975dd85f18273c7741ec766a9b68f6de4fd1d9876409f8",
    "https://deno.land/std@0.223.0/crypto/crypto.ts": "451837d00409e40401e01e2ddad3c376e69a11a36e3fa67ec8dfe8b967fe0bf0",
    "https://deno.land/std@0.223.0/fs/_create_walk_entry.ts": "5d9d2aaec05bcf09a06748b1684224d33eba7a4de24cf4cf5599991ca6b5b412",
    "https://deno.land/std@0.223.0/fs/_get_file_info_type.ts": "da7bec18a7661dba360a1db475b826b18977582ce6fc9b25f3d4ee0403fe8cbd",
    "https://deno.land/std@0.223.0/fs/_is_same_path.ts": "709c95868345fea051c58b9e96af95cff94e6ae98dfcff2b66dee0c212c4221f",
    "https://deno.land/std@0.223.0/fs/_is_subdir.ts": "c68b309d46cc8568ed83c000f608a61bbdba0943b7524e7a30f9e450cf67eecd",
    "https://deno.land/std@0.223.0/fs/_to_path_string.ts": "29bfc9c6c112254961d75cbf6ba814d6de5349767818eb93090cecfa9665591e",
    "https://deno.land/std@0.223.0/fs/copy.ts": "7ab12a16adb65d155d4943c88081ca16ce3b0b5acada64c1ce93800653678039",
    "https://deno.land/std@0.223.0/fs/empty_dir.ts": "e400e96e1d2c8c558a5a1712063bd43939e00619c1d1cc29959babc6f1639418",
    "https://deno.land/std@0.223.0/fs/ensure_dir.ts": "313e8a62b8bb20d900138ff794bde6a6ac0a6bebc91220fba6dfc3303bde56c6",
    "https://deno.land/std@0.223.0/fs/ensure_file.ts": "67608cf550529f3d4aa1f8b6b36bf817bdc40b14487bf8f60e61cbf68f507cf3",
    "https://deno.land/std@0.223.0/fs/ensure_link.ts": "5c98503ebfa9cc05e2f2efaa30e91e60b4dd5b43ebbda82f435c0a5c6e3ffa01",
    "https://deno.land/std@0.223.0/fs/ensure_symlink.ts": "cafe904cebacb9a761977d6dbf5e3af938be946a723bb394080b9a52714fafe4",
    "https://deno.land/std@0.223.0/fs/eol.ts": "18c4ac009d0318504c285879eb7f47942643f13619e0ff070a0edc59353306bd",
    "https://deno.land/std@0.223.0/fs/exists.ts": "3d38cb7dcbca3cf313be343a7b8af18a87bddb4b5ca1bd2314be12d06533b50f",
    "https://deno.land/std@0.223.0/fs/expand_glob.ts": "2e428d90acc6676b2aa7b5c78ef48f30641b13f1fe658e7976c9064fb4b05309",
    "https://deno.land/std@0.223.0/fs/mod.ts": "c25e6802cbf27f3050f60b26b00c2d8dba1cb7fcdafe34c66006a7473b7b34d4",
    "https://deno.land/std@0.223.0/fs/move.ts": "ca205d848908d7f217353bc5c623627b1333490b8b5d3ef4cab600a700c9bd8f",
    "https://deno.land/std@0.223.0/fs/walk.ts": "cddf87d2705c0163bff5d7767291f05b0f46ba10b8b28f227c3849cace08d303",
    "https://deno.land/std@0.223.0/path/_common/assert_path.ts": "dbdd757a465b690b2cc72fc5fb7698c51507dec6bfafce4ca500c46b76ff7bd8",
    "https://deno.land/std@0.223.0/path/_common/basename.ts": "569744855bc8445f3a56087fd2aed56bdad39da971a8d92b138c9913aecc5fa2",
    "https://deno.land/std@0.223.0/path/_common/constants.ts": "dc5f8057159f4b48cd304eb3027e42f1148cf4df1fb4240774d3492b5d12ac0c",
    "https://deno.land/std@0.223.0/path/_common/dirname.ts": "684df4aa71a04bbcc346c692c8485594fc8a90b9408dfbc26ff32cf3e0c98cc8",
    "https://deno.land/std@0.223.0/path/_common/from_file_url.ts": "d672bdeebc11bf80e99bf266f886c70963107bdd31134c4e249eef51133ceccf",
    "https://deno.land/std@0.223.0/path/_common/glob_to_reg_exp.ts": "6cac16d5c2dc23af7d66348a7ce430e5de4e70b0eede074bdbcf4903f4374d8d",
    "https://deno.land/std@0.223.0/path/_common/normalize.ts": "684df4aa71a04bbcc346c692c8485594fc8a90b9408dfbc26ff32cf3e0c98cc8",
    "https://deno.land/std@0.223.0/path/_common/normalize_string.ts": "33edef773c2a8e242761f731adeb2bd6d683e9c69e4e3d0092985bede74f4ac3",
    "https://deno.land/std@0.223.0/path/_common/strip_trailing_separators.ts": "7024a93447efcdcfeaa9339a98fa63ef9d53de363f1fbe9858970f1bba02655a",
    "https://deno.land/std@0.223.0/path/_os.ts": "8fb9b90fb6b753bd8c77cfd8a33c2ff6c5f5bc185f50de8ca4ac6a05710b2c15",
    "https://deno.land/std@0.223.0/path/basename.ts": "7ee495c2d1ee516ffff48fb9a93267ba928b5a3486b550be73071bc14f8cc63e",
    "https://deno.land/std@0.223.0/path/constants.ts": "0c206169ca104938ede9da48ac952de288f23343304a1c3cb6ec7625e7325f36",
    "https://deno.land/std@0.223.0/path/dirname.ts": "85bd955bf31d62c9aafdd7ff561c4b5fb587d11a9a5a45e2b01aedffa4238a7c",
    "https://deno.land/std@0.223.0/path/from_file_url.ts": "911833ae4fd10a1c84f6271f36151ab785955849117dc48c6e43b929504ee069",
    "https://deno.land/std@0.223.0/path/glob_to_regexp.ts": "7f30f0a21439cadfdae1be1bf370880b415e676097fda584a63ce319053b5972",
    "https://deno.land/std@0.223.0/path/is_absolute.ts": "4791afc8bfd0c87f0526eaa616b0d16e7b3ab6a65b62942e50eac68de4ef67d7",
    "https://deno.land/std@0.223.0/path/is_glob.ts": "a65f6195d3058c3050ab905705891b412ff942a292bcbaa1a807a74439a14141",
    "https://deno.land/std@0.223.0/path/join.ts": "ae2ec5ca44c7e84a235fd532e4a0116bfb1f2368b394db1c4fb75e3c0f26a33a",
    "https://deno.land/std@0.223.0/path/join_globs.ts": "5b3bf248b93247194f94fa6947b612ab9d3abd571ca8386cf7789038545e54a0",
    "https://deno.land/std@0.223.0/path/normalize.ts": "4155743ccceeed319b350c1e62e931600272fad8ad00c417b91df093867a8352",
    "https://deno.land/std@0.223.0/path/posix/_util.ts": "1e3937da30f080bfc99fe45d7ed23c47dd8585c5e473b2d771380d3a6937cf9d",
    "https://deno.land/std@0.223.0/path/posix/basename.ts": "d2fa5fbbb1c5a3ab8b9326458a8d4ceac77580961b3739cd5bfd1d3541a3e5f0",
    "https://deno.land/std@0.223.0/path/posix/constants.ts": "93481efb98cdffa4c719c22a0182b994e5a6aed3047e1962f6c2c75b7592bef1",
    "https://deno.land/std@0.223.0/path/posix/dirname.ts": "76cd348ffe92345711409f88d4d8561d8645353ac215c8e9c80140069bf42f00",
    "https://deno.land/std@0.223.0/path/posix/from_file_url.ts": "951aee3a2c46fd0ed488899d024c6352b59154c70552e90885ed0c2ab699bc40",
    "https://deno.land/std@0.223.0/path/posix/glob_to_regexp.ts": "76f012fcdb22c04b633f536c0b9644d100861bea36e9da56a94b9c589a742e8f",
    "https://deno.land/std@0.223.0/path/posix/is_absolute.ts": "cebe561ad0ae294f0ce0365a1879dcfca8abd872821519b4fcc8d8967f888ede",
    "https://deno.land/std@0.223.0/path/posix/join.ts": "7fc2cb3716aa1b863e990baf30b101d768db479e70b7313b4866a088db016f63",
    "https://deno.land/std@0.223.0/path/posix/join_globs.ts": "a9475b44645feddceb484ee0498e456f4add112e181cb94042cdc6d47d1cdd25",
    "https://deno.land/std@0.223.0/path/posix/normalize.ts": "baeb49816a8299f90a0237d214cef46f00ba3e95c0d2ceb74205a6a584b58a91",
    "https://deno.land/std@0.223.0/path/posix/normalize_glob.ts": "9c87a829b6c0f445d03b3ecadc14492e2864c3ebb966f4cea41e98326e4435c6",
    "https://deno.land/std@0.223.0/path/posix/resolve.ts": "08b699cfeee10cb6857ccab38fa4b2ec703b0ea33e8e69964f29d02a2d5257cf",
    "https://deno.land/std@0.223.0/path/resolve.ts": "a6f977bdb4272e79d8d0ed4333e3d71367cc3926acf15ac271f1d059c8494d8d",
    "https://deno.land/std@0.223.0/path/windows/_util.ts": "d5f47363e5293fced22c984550d5e70e98e266cc3f31769e1710511803d04808",
    "https://deno.land/std@0.223.0/path/windows/basename.ts": "6bbc57bac9df2cec43288c8c5334919418d784243a00bc10de67d392ab36d660",
    "https://deno.land/std@0.223.0/path/windows/constants.ts": "5afaac0a1f67b68b0a380a4ef391bf59feb55856aa8c60dfc01bd3b6abb813f5",
    "https://deno.land/std@0.223.0/path/windows/dirname.ts": "33e421be5a5558a1346a48e74c330b8e560be7424ed7684ea03c12c21b627bc9",
    "https://deno.land/std@0.223.0/path/windows/from_file_url.ts": "ced2d587b6dff18f963f269d745c4a599cf82b0c4007356bd957cb4cb52efc01",
    "https://deno.land/std@0.223.0/path/windows/glob_to_regexp.ts": "e45f1f89bf3fc36f94ab7b3b9d0026729829fabc486c77f414caebef3b7304f8",
    "https://deno.land/std@0.223.0/path/windows/is_absolute.ts": "4a8f6853f8598cf91a835f41abed42112cebab09478b072e4beb00ec81f8ca8a",
    "https://deno.land/std@0.223.0/path/windows/join.ts": "8d03530ab89195185103b7da9dfc6327af13eabdcd44c7c63e42e27808f50ecf",
    "https://deno.land/std@0.223.0/path/windows/join_globs.ts": "a9475b44645feddceb484ee0498e456f4add112e181cb94042cdc6d47d1cdd25",
    "https://deno.land/std@0.223.0/path/windows/normalize.ts": "78126170ab917f0ca355a9af9e65ad6bfa5be14d574c5fb09bb1920f52577780",
    "https://deno.land/std@0.223.0/path/windows/normalize_glob.ts": "9c87a829b6c0f445d03b3ecadc14492e2864c3ebb966f4cea41e98326e4435c6",
    "https://deno.land/std@0.223.0/path/windows/resolve.ts": "8dae1dadfed9d46ff46cc337c9525c0c7d959fb400a6308f34595c45bdca1972",
    "https://deno.land/std@0.223.0/uuid/_common.ts": "05c787c5735776c4e48e30294878332c39cb7738f50b209df4eb9f2b0facce4d",
    "https://deno.land/std@0.223.0/uuid/constants.ts": "eb6c96871e968adf3355507d7ae79adce71525fd6c1ca55c51d32ace0196d64e",
    "https://deno.land/std@0.223.0/uuid/mod.ts": "cefc8e2f77d9e493739c8dc4ec141b12b855414bf757e778bf9b00f783506b76",
    "https://deno.land/std@0.223.0/uuid/v1.ts": "cc45e7eb1d463d7d38b21a3c6e4de55ff98598ca442309321575fe841b323a54",
    "https://deno.land/std@0.223.0/uuid/v3.ts": "689f2d64a9460a75877a2eed94662d9cb31bedb890d72fce0d161ef47d66cc26",
    "https://deno.land/std@0.223.0/uuid/v4.ts": "1319a2eeff7259adda416ec5f7997ded80d3165ef0787012793fc8621c18c493",
    "https://deno.land/std@0.223.0/uuid/v5.ts": "75f76d9e53583572fe3d4893168530986222d439b1545b56d4493c6d5d1cd81d",
    "https://deno.land/std@0.224.0/dotenv/mod.ts": "0180eaeedaaf88647318811cdaa418cc64dc51fb08354f91f5f480d0a1309f7d",
    "https://deno.land/std@0.224.0/dotenv/parse.ts": "09977ff88dfd1f24f9973a338f0f91bbdb9307eb5ff6085446e7c423e4c7ba0c",
    "https://deno.land/std@0.224.0/dotenv/stringify.ts": "275da322c409170160440836342eaa7cf012a1d11a7e700d8ca4e7f2f8aa4615",
    "https://deno.land/std@0.63.0/encoding/_yaml/dumper/dumper.ts": "bbba05d5512a86822019c5aee0409f54acb9e8dfea6c315d6436b06fdb930322",
    "https://deno.land/std@0.63.0/encoding/_yaml/dumper/dumper_state.ts": "845517613527218e8cd3de7289123bb6ff3dcfc59ace1e0ee8cf2363f886352e",
    "https://deno.land/std@0.63.0/encoding/_yaml/error.ts": "5a4ce54c2dbf51c9c61c3f7b7326d28d390cfa31dc032b230f2150b0bc5473c4",
    "https://deno.land/std@0.63.0/encoding/_yaml/loader/loader.ts": "4f84ff75385c021f43847805bc360d7b7ac3abca0bb07489f2f564ab55f4f6fc",
    "https://deno.land/std@0.63.0/encoding/_yaml/loader/loader_state.ts": "989782bee7bed2bac0aea371c9bfd0bf5ec333ec19d0bb5a49d941db646b5243",
    "https://deno.land/std@0.63.0/encoding/_yaml/mark.ts": "881d920ddc87241ab5f7285e0bd4cb2c16c76bae28612a35cc0a1fa14ff18578",
    "https://deno.land/std@0.63.0/encoding/_yaml/parse.ts": "9c688142dfe02e08d48e3da338fa7bafea7c4fc1d0e46f3566dcf6a08ee1815d",
    "https://deno.land/std@0.63.0/encoding/_yaml/schema.ts": "7e50dc4c30824fedc7262c5ccf7e9a1b37708e6f9824abb8269bc8ea2b8a2b36",
    "https://deno.land/std@0.63.0/encoding/_yaml/schema/core.ts": "d29ca6499a0ca37d814a5d09040c5e4865ddd0d949a5e77806dc8429cb098a29",
    "https://deno.land/std@0.63.0/encoding/_yaml/schema/default.ts": "ea0b1da3efd16c9356cd86e5cf7a5a75473cca7d8ab96659ae5e4066561f5cd9",
    "https://deno.land/std@0.63.0/encoding/_yaml/schema/failsafe.ts": "2c96de9a5b2f42233c387e352c406091f84ebf1771bf9a4912fc09ed2dfbfc15",
    "https://deno.land/std@0.63.0/encoding/_yaml/schema/json.ts": "e1b18a1297b4a68d44ea812f03a343753acfa724df75d6100e0400c09421eaf0",
    "https://deno.land/std@0.63.0/encoding/_yaml/schema/mod.ts": "976a2cd8f9590f12c098713b871d3122c082c8218d6cdc3963c262a6a255a3a4",
    "https://deno.land/std@0.63.0/encoding/_yaml/state.ts": "7e2c0f513b06aafc3c6749fa0f5f90c70e8bea7c32e45dd8984390d1f6a6a0d7",
    "https://deno.land/std@0.63.0/encoding/_yaml/stringify.ts": "3e32c3171d40c7dd6f82a2dd7e3502362b4d9643dd3a9aa8b67a24a0118fadfd",
    "https://deno.land/std@0.63.0/encoding/_yaml/type.ts": "cd7636eb7ccaa6f16471a21f505495afd78552a924fc7f0f85e94f7ca2fe76cb",
    "https://deno.land/std@0.63.0/encoding/_yaml/type/binary.ts": "c623dcfe99070cb6b706c57babd1cb5f9a5ba39ef1f7665d2008468cd9253586",
    "https://deno.land/std@0.63.0/encoding/_yaml/type/bool.ts": "d29a7ec151f23ba60d81fbff653f7dfab8db10830811805390f2de1bf08ecea4",
    "https://deno.land/std@0.63.0/encoding/_yaml/type/float.ts": "53d173264d108e003a68f015bc315bee3bb3cb499588cbb585ad759929961e49",
    "https://deno.land/std@0.63.0/encoding/_yaml/type/int.ts": "8e8a1c1188584683366d674c5d5483acbd3631feb2fc53cbfbd9dcb30c0c40eb",
    "https://deno.land/std@0.63.0/encoding/_yaml/type/map.ts": "9c2cd7acd9211faa25083cee61e703acd74778151fc1fface8dc8b93f8ba41fa",
    "https://deno.land/std@0.63.0/encoding/_yaml/type/merge.ts": "4f255e7f007fe2da1dba131b296c53e039c0b0e04540e977cbac3730bbb8c052",
    "https://deno.land/std@0.63.0/encoding/_yaml/type/mod.ts": "1086644fb36cabd2dac739b06ca7aa49f21fce951efc5ee5702c8a7626c7e6d1",
    "https://deno.land/std@0.63.0/encoding/_yaml/type/nil.ts": "ff4bd60b83b5989e82664584041fb9cdce85b31fa6e0cdc8a8dc5b25a4be3650",
    "https://deno.land/std@0.63.0/encoding/_yaml/type/omap.ts": "8ec79eda0af93f9208f38aa6834384ebf8f38d2c544f265bd58b498789493de9",
    "https://deno.land/std@0.63.0/encoding/_yaml/type/pairs.ts": "6558daa5791624779ecda21715cfc9869b74d7e081ae34f3b8a8c90738412afa",
    "https://deno.land/std@0.63.0/encoding/_yaml/type/seq.ts": "4721c571a08a1e05086d092047c0717b86dac34b8acdcdb54acb0f2839493b67",
    "https://deno.land/std@0.63.0/encoding/_yaml/type/set.ts": "7cbdee3ebaaff175a587219b7485822bae31a393520498bb3e8086f9ad67a0dc",
    "https://deno.land/std@0.63.0/encoding/_yaml/type/str.ts": "283ab0937dd6c1d990de8b2f502f18f69ff63a8fdc58c6999f26513a4f74fe3c",
    "https://deno.land/std@0.63.0/encoding/_yaml/type/timestamp.ts": "81dcce9119a26db94339c11ade6a9e93cd00b5d26d902691a3902841c68f475f",
    "https://deno.land/std@0.63.0/encoding/_yaml/utils.ts": "8361a1f394c3e2f166b4b860e386ace36ff2519ad073a63bb3873e63a7841ab3",
    "https://deno.land/std@0.63.0/encoding/yaml.ts": "f60f56addab7cffa465e0f35fb2b5296158bd952aa50cb8b22aa446861ce093b",
    "https://deno.land/x/download@v2.0.2/download.ts": "4c1e70b79a5eb47500c3cd048781c7d71063c906cd15a431f82f22950729e43c",
    "https://deno.land/x/download@v2.0.2/mod.ts": "ec1649bc70d41898baa1123743486dba40612581d2478243fe45e875233f6b6a",
    "https://deno.land/x/download@v2.0.2/types.ts": "564477c37f19599cc336678c6d26e8d0dac35fcef76db680cc5f5657523c2f94",
    "https://deno.land/x/exec@0.0.5/mod.ts": "2a71f7e23e25be883275b22d872bbd2c3dfa3058934f1f156c8663fb81f5894f",
    "https://deno.land/x/yaml_loader@v0.1.0/mod.ts": "3d17e2a18aa78eec71a145f72e9c17bf6d3ca27da6ff59cd6499e74794640b86",
    "https://deno.land/x/yaml_loader@v0.1.0/yaml_loader.ts": "66501a8ae8d0082a802251bcfb998b3b5f7d299ec094e668721f4e19e9f80938"
  },
  "workspace": {
    "packageJson": {
      "dependencies": [
        "npm:@mapbox/polyline@^1.2.1",
        "npm:@turf/bbox@^6.5.0",
        "npm:@turf/bezier-spline@^6.5.0",
        "npm:@turf/distance@^6.5.0",
        "npm:apicache@^1.6.3",
        "npm:compression@^1.7.4",
        "npm:cors@^2.8.5",
        "npm:express@^4.18.2",
        "npm:file-system-cache@^2.4.4",
        "npm:gtfs-to-geojson@^3.6.0",
        "npm:gtfs@^4.10.2",
        "npm:toposort@^2.0.2",
        "npm:typescript@^5.3.3"
      ]
    }
  }
}
